
Microsoft Visual Studio Solution File, Format Version 12.00
# Visual Studio Version 16
VisualStudioVersion = 16.0.30523.141
MinimumVisualStudioVersion = 10.0.40219.1
Project("{9A19103F-16F7-4668-BE54-9A1E7A4F7556}") = "DataAccess", "DataAccess\DataAccess.csproj", "{625BF66F-5B70-481B-9A57-AEEFF5438042}"
EndProject
Project("{9A19103F-16F7-4668-BE54-9A1E7A4F7556}") = "Services", "Services\Services.csproj", "{ADDDD5A0-70AA-4F0F-9FA4-0363FB14523C}"
EndProject
Project("{9A19103F-16F7-4668-BE54-9A1E7A4F7556}") = "Models", "Models\Models.csproj", "{E193189E-D71E-4004-86A6-5D0DB81A0320}"
EndProject
Project("{9A19103F-16F7-4668-BE54-9A1E7A4F7556}") = "DomainModels", "DomainModels\DomainModels.csproj", "{9A451128-65AC-4C54-8320-9086C950B6FB}"
EndProject
Project("{9A19103F-16F7-4668-BE54-9A1E7A4F7556}") = "App", "App\App.csproj", "{6EC6F41A-AFAB-4338-9587-E65566F01E2C}"
EndProject
Global
	GlobalSection(SolutionConfigurationPlatforms) = preSolution
		Debug|Any CPU = Debug|Any CPU
		Release|Any CPU = Release|Any CPU
	EndGlobalSection
	GlobalSection(ProjectConfigurationPlatforms) = postSolution
		{625BF66F-5B70-481B-9A57-AEEFF5438042}.Debug|Any CPU.ActiveCfg = Debug|Any CPU
		{625BF66F-5B70-481B-9A57-AEEFF5438042}.Debug|Any CPU.Build.0 = Debug|Any CPU
		{625BF66F-5B70-481B-9A57-AEEFF5438042}.Release|Any CPU.ActiveCfg = Release|Any CPU
		{625BF66F-5B70-481B-9A57-AEEFF5438042}.Release|Any CPU.Build.0 = Release|Any CPU
		{ADDDD5A0-70AA-4F0F-9FA4-0363FB14523C}.Debug|Any CPU.ActiveCfg = Debug|Any CPU
		{ADDDD5A0-70AA-4F0F-9FA4-0363FB14523C}.Debug|Any CPU.Build.0 = Debug|Any CPU
		{ADDDD5A0-70AA-4F0F-9FA4-0363FB14523C}.Release|Any CPU.ActiveCfg = Release|Any CPU
		{ADDDD5A0-70AA-4F0F-9FA4-0363FB14523C}.Release|Any CPU.Build.0 = Release|Any CPU
		{E193189E-D71E-4004-86A6-5D0DB81A0320}.Debug|Any CPU.ActiveCfg = Debug|Any CPU
		{E193189E-D71E-4004-86A6-5D0DB81A0320}.Debug|Any CPU.Build.0 = Debug|Any CPU
		{E193189E-D71E-4004-86A6-5D0DB81A0320}.Release|Any CPU.ActiveCfg = Release|Any CPU
		{E193189E-D71E-4004-86A6-5D0DB81A0320}.Release|Any CPU.Build.0 = Release|Any CPU
		{9A451128-65AC-4C54-8320-9086C950B6FB}.Debug|Any CPU.ActiveCfg = Debug|Any CPU
		{9A451128-65AC-4C54-8320-9086C950B6FB}.Debug|Any CPU.Build.0 = Debug|Any CPU
		{9A451128-65AC-4C54-8320-9086C950B6FB}.Release|Any CPU.ActiveCfg = Release|Any CPU
		{9A451128-65AC-4C54-8320-9086C950B6FB}.Release|Any CPU.Build.0 = Release|Any CPU
		{6EC6F41A-AFAB-4338-9587-E65566F01E2C}.Debug|Any CPU.ActiveCfg = Debug|Any CPU
		{6EC6F41A-AFAB-4338-9587-E65566F01E2C}.Debug|Any CPU.Build.0 = Debug|Any CPU
		{6EC6F41A-AFAB-4338-9587-E65566F01E2C}.Release|Any CPU.ActiveCfg = Release|Any CPU
		{6EC6F41A-AFAB-4338-9587-E65566F01E2C}.Release|Any CPU.Build.0 = Release|Any CPU
	EndGlobalSection
	GlobalSection(SolutionProperties) = preSolution
		HideSolutionNode = FALSE
	EndGlobalSection
	GlobalSection(ExtensibilityGlobals) = postSolution
		SolutionGuid = {A5F69737-8FB6-4DE4-A5E0-6F50C9253A15}
	EndGlobalSection
EndGlobal
